{
    "_readme": [
        "This file locks the dependencies of your project to a known state",
        "Read more about it at https://getcomposer.org/doc/01-basic-usage.md#composer-lock-the-lock-file",
        "This file is @generated automatically"
    ],
    "hash": "b6333126d981111fee59765008e7f925",
    "content-hash": "f1da3513efa1d6de58975ea4ec9c2c70",
    "packages": [],
    "packages-dev": [
        {
            "name": "codegyre/robo",
            "version": "0.7.1",
            "source": {
                "type": "git",
                "url": "https://github.com/Codegyre/Robo.git",
                "reference": "1f4e0621fdc37521e2eaca67f33d1c4e240dc7d8"
            },
            "dist": {
                "type": "zip",
                "url": "https://api.github.com/repos/Codegyre/Robo/zipball/1f4e0621fdc37521e2eaca67f33d1c4e240dc7d8",
                "reference": "1f4e0621fdc37521e2eaca67f33d1c4e240dc7d8",
                "shasum": ""
            },
            "require": {
                "henrikbjorn/lurker": "~1.0",
                "php": ">=5.4.0",
                "symfony/console": "~2.5|~3.0",
                "symfony/filesystem": "~2.5|~3.0",
                "symfony/finder": "~2.5|~3.0",
                "symfony/process": "~2.5|~3.0"
            },
            "require-dev": {
                "codeception/aspect-mock": "0.5.4",
                "codeception/base": "~2.1.5",
                "codeception/verify": "0.2.*",
                "natxet/cssmin": "~3.0",
                "patchwork/jsqueeze": "~1.0",
                "pear/archive_tar": "~1.0"
            },
            "suggest": {
                "pear/archive_tar": "Allows tar archives to be created and extracted in taskPack and taskExtract, respectively."
            },
            "bin": [
                "robo"
            ],
            "type": "library",
            "autoload": {
                "psr-4": {
                    "Robo\\": "src"
                }
            },
            "notification-url": "https://packagist.org/downloads/",
            "license": [
                "MIT"
            ],
            "authors": [
                {
                    "name": "Davert",
                    "email": "davert.php@resend.cc"
                }
            ],
            "description": "Modern task runner",
            "time": "2016-02-25 19:28:51"
        },
        {
            "name": "henrikbjorn/lurker",
            "version": "1.1.0",
            "source": {
                "type": "git",
                "url": "https://github.com/flint/Lurker.git",
                "reference": "ab45f9cefe600065cc3137a238217598d3a1d062"
            },
            "dist": {
                "type": "zip",
                "url": "https://api.github.com/repos/flint/Lurker/zipball/ab45f9cefe600065cc3137a238217598d3a1d062",
                "reference": "ab45f9cefe600065cc3137a238217598d3a1d062",
                "shasum": ""
            },
            "require": {
                "php": ">=5.3.3",
                "symfony/config": "~2.2",
                "symfony/event-dispatcher": "~2.2"
            },
            "suggest": {
                "ext-inotify": ">=0.1.6"
            },
            "type": "library",
            "extra": {
                "branch-alias": {
                    "dev-master": "1.0.x-dev"
                }
            },
            "autoload": {
                "psr-0": {
                    "Lurker": "src"
                }
            },
            "notification-url": "https://packagist.org/downloads/",
            "license": [
                "MIT"
            ],
            "authors": [
                {
                    "name": "Yaroslav Kiliba",
                    "email": "om.dattaya@gmail.com"
                },
                {
                    "name": "Konstantin Kudryashov",
                    "email": "ever.zet@gmail.com"
                },
                {
                    "name": "Henrik Bjrnskov",
                    "email": "henrik@bjrnskov.dk"
                }
            ],
            "description": "Resource Watcher.",
            "keywords": [
                "filesystem",
                "resource",
                "watching"
            ],
            "time": "2015-10-27 09:19:19"
        },
        {
            "name": "joomla-projects/robo",
            "version": "dev-master",
            "source": {
                "type": "git",
                "url": "https://github.com/joomla-projects/robo.git",
                "reference": "8a9c72f61696a4f288ede8212a0e7c7c47eda360"
            },
            "dist": {
                "type": "zip",
                "url": "https://api.github.com/repos/joomla-projects/robo/zipball/8a9c72f61696a4f288ede8212a0e7c7c47eda360",
                "reference": "8a9c72f61696a4f288ede8212a0e7c7c47eda360",
                "shasum": ""
            },
            "require": {
                "squizlabs/php_codesniffer": "1.*"
            },
            "type": "library",
            "autoload": {
                "psr-4": {
                    "joomla_projects\\robo\\": "src"
                }
            },
            "notification-url": "https://packagist.org/downloads/",
            "license": [
                "GPL-2.0+"
            ],
            "authors": [
                {
                    "name": "Javier",
                    "email": "javier.gomez@community.joomla.org"
                }
            ],
            "description": "Robo tasks for Joomla Quality Assurance",
            "keywords": [
                "BDD",
                "robo",
                "task"
            ],
            "time": "2015-08-07 16:24:43"
        },
        {
            "name": "robmorgan/phinx",
            "version": "v0.5.3",
            "source": {
                "type": "git",
                "url": "https://github.com/robmorgan/phinx.git",
                "reference": "4e7fee7792f4bf3dbf55ee29001850ba26c86a88"
            },
            "dist": {
                "type": "zip",
                "url": "https://api.github.com/repos/robmorgan/phinx/zipball/4e7fee7792f4bf3dbf55ee29001850ba26c86a88",
                "reference": "4e7fee7792f4bf3dbf55ee29001850ba26c86a88",
                "shasum": ""
            },
            "require": {
                "php": ">=5.4",
                "symfony/config": "~2.8|~3.0",
                "symfony/console": "~2.8|~3.0",
                "symfony/yaml": "~2.8|~3.0"
            },
            "require-dev": {
                "phpunit/phpunit": "^3.7|^4.0|^5.0"
            },
            "bin": [
                "bin/phinx"
            ],
            "type": "library",
            "autoload": {
                "psr-4": {
                    "Phinx\\": "src/Phinx"
                }
            },
            "notification-url": "https://packagist.org/downloads/",
            "license": [
                "MIT"
            ],
            "authors": [
                {
                    "name": "Rob Morgan",
                    "email": "robbym@gmail.com",
                    "homepage": "http://robmorgan.id.au",
                    "role": "Lead Developer"
                },
                {
                    "name": "Woody Gilk",
                    "email": "woody.gilk@gmail.com",
                    "homepage": "http://shadowhand.me",
                    "role": "Developer"
                }
            ],
            "description": "Phinx makes it ridiculously easy to manage the database migrations for your PHP app.",
            "homepage": "https://phinx.org",
            "keywords": [
                "database",
                "database migrations",
                "db",
                "migrations",
                "phinx"
            ],
            "time": "2016-03-07 14:09:22"
        },
        {
            "name": "squizlabs/php_codesniffer",
            "version": "1.5.6",
            "source": {
                "type": "git",
                "url": "https://github.com/squizlabs/PHP_CodeSniffer.git",
                "reference": "6f3e42d311b882b25b4d409d23a289f4d3b803d5"
            },
            "dist": {
                "type": "zip",
                "url": "https://api.github.com/repos/squizlabs/PHP_CodeSniffer/zipball/6f3e42d311b882b25b4d409d23a289f4d3b803d5",
                "reference": "6f3e42d311b882b25b4d409d23a289f4d3b803d5",
                "shasum": ""
            },
            "require": {
                "ext-tokenizer": "*",
                "php": ">=5.1.2"
            },
            "suggest": {
                "phpunit/php-timer": "dev-master"
            },
            "bin": [
                "scripts/phpcs"
            ],
            "type": "library",
            "extra": {
                "branch-alias": {
                    "dev-phpcs-fixer": "2.0.x-dev"
                }
            },
            "autoload": {
                "classmap": [
                    "CodeSniffer.php",
                    "CodeSniffer/CLI.php",
                    "CodeSniffer/Exception.php",
                    "CodeSniffer/File.php",
                    "CodeSniffer/Report.php",
                    "CodeSniffer/Reporting.php",
                    "CodeSniffer/Sniff.php",
                    "CodeSniffer/Tokens.php",
                    "CodeSniffer/Reports/",
                    "CodeSniffer/CommentParser/",
                    "CodeSniffer/Tokenizers/",
                    "CodeSniffer/DocGenerators/",
                    "CodeSniffer/Standards/AbstractPatternSniff.php",
                    "CodeSniffer/Standards/AbstractScopeSniff.php",
                    "CodeSniffer/Standards/AbstractVariableSniff.php",
                    "CodeSniffer/Standards/IncorrectPatternException.php",
                    "CodeSniffer/Standards/Generic/Sniffs/",
                    "CodeSniffer/Standards/MySource/Sniffs/",
                    "CodeSniffer/Standards/PEAR/Sniffs/",
                    "CodeSniffer/Standards/PSR1/Sniffs/",
                    "CodeSniffer/Standards/PSR2/Sniffs/",
                    "CodeSniffer/Standards/Squiz/Sniffs/",
                    "CodeSniffer/Standards/Zend/Sniffs/"
                ]
            },
            "notification-url": "https://packagist.org/downloads/",
            "license": [
                "BSD-3-Clause"
            ],
            "authors": [
                {
                    "name": "Greg Sherwood",
                    "role": "lead"
                }
            ],
            "description": "PHP_CodeSniffer tokenises PHP, JavaScript and CSS files and detects violations of a defined set of coding standards.",
            "homepage": "http://www.squizlabs.com/php-codesniffer",
            "keywords": [
                "phpcs",
                "standards"
            ],
            "time": "2014-12-04 22:32:15"
        },
        {
            "name": "symfony/config",
            "version": "v2.8.4",
            "source": {
                "type": "git",
                "url": "https://github.com/symfony/config.git",
                "reference": "5273f4724dc5288fe7a33cb08077ab9852621f2c"
            },
            "dist": {
                "type": "zip",
                "url": "https://api.github.com/repos/symfony/config/zipball/5273f4724dc5288fe7a33cb08077ab9852621f2c",
                "reference": "5273f4724dc5288fe7a33cb08077ab9852621f2c",
                "shasum": ""
            },
            "require": {
                "php": ">=5.3.9",
                "symfony/filesystem": "~2.3|~3.0.0"
            },
            "suggest": {
                "symfony/yaml": "To use the yaml reference dumper"
            },
            "type": "library",
            "extra": {
                "branch-alias": {
                    "dev-master": "2.8-dev"
                }
            },
            "autoload": {
                "psr-4": {
                    "Symfony\\Component\\Config\\": ""
                },
                "exclude-from-classmap": [
                    "/Tests/"
                ]
            },
            "notification-url": "https://packagist.org/downloads/",
            "license": [
                "MIT"
            ],
            "authors": [
                {
                    "name": "Fabien Potencier",
                    "email": "fabien@symfony.com"
                },
                {
                    "name": "Symfony Community",
                    "homepage": "https://symfony.com/contributors"
                }
            ],
            "description": "Symfony Config Component",
            "homepage": "https://symfony.com",
            "time": "2016-03-04 07:54:35"
        },
        {
            "name": "symfony/console",
            "version": "v3.0.4",
            "source": {
                "type": "git",
                "url": "https://github.com/symfony/console.git",
                "reference": "6b1175135bc2a74c08a28d89761272de8beed8cd"
            },
            "dist": {
                "type": "zip",
                "url": "https://api.github.com/repos/symfony/console/zipball/6b1175135bc2a74c08a28d89761272de8beed8cd",
                "reference": "6b1175135bc2a74c08a28d89761272de8beed8cd",
                "shasum": ""
            },
            "require": {
                "php": ">=5.5.9",
                "symfony/polyfill-mbstring": "~1.0"
            },
            "require-dev": {
                "psr/log": "~1.0",
                "symfony/event-dispatcher": "~2.8|~3.0",
                "symfony/process": "~2.8|~3.0"
            },
            "suggest": {
                "psr/log": "For using the console logger",
                "symfony/event-dispatcher": "",
                "symfony/process": ""
            },
            "type": "library",
            "extra": {
                "branch-alias": {
                    "dev-master": "3.0-dev"
                }
            },
            "autoload": {
                "psr-4": {
                    "Symfony\\Component\\Console\\": ""
                },
                "exclude-from-classmap": [
                    "/Tests/"
                ]
            },
            "notification-url": "https://packagist.org/downloads/",
            "license": [
                "MIT"
            ],
            "authors": [
                {
                    "name": "Fabien Potencier",
                    "email": "fabien@symfony.com"
                },
                {
                    "name": "Symfony Community",
                    "homepage": "https://symfony.com/contributors"
                }
            ],
            "description": "Symfony Console Component",
            "homepage": "https://symfony.com",
            "time": "2016-03-16 17:00:50"
        },
        {
            "name": "symfony/event-dispatcher",
            "version": "v2.8.4",
            "source": {
                "type": "git",
                "url": "https://github.com/symfony/event-dispatcher.git",
                "reference": "47d2d8cade9b1c3987573d2943bb9352536cdb87"
            },
            "dist": {
                "type": "zip",
                "url": "https://api.github.com/repos/symfony/event-dispatcher/zipball/47d2d8cade9b1c3987573d2943bb9352536cdb87",
                "reference": "47d2d8cade9b1c3987573d2943bb9352536cdb87",
                "shasum": ""
            },
            "require": {
                "php": ">=5.3.9"
            },
            "require-dev": {
                "psr/log": "~1.0",
                "symfony/config": "~2.0,>=2.0.5|~3.0.0",
                "symfony/dependency-injection": "~2.6|~3.0.0",
                "symfony/expression-language": "~2.6|~3.0.0",
                "symfony/stopwatch": "~2.3|~3.0.0"
            },
            "suggest": {
                "symfony/dependency-injection": "",
                "symfony/http-kernel": ""
            },
            "type": "library",
            "extra": {
                "branch-alias": {
                    "dev-master": "2.8-dev"
                }
            },
            "autoload": {
                "psr-4": {
                    "Symfony\\Component\\EventDispatcher\\": ""
                },
                "exclude-from-classmap": [
                    "/Tests/"
                ]
            },
            "notification-url": "https://packagist.org/downloads/",
            "license": [
                "MIT"
            ],
            "authors": [
                {
                    "name": "Fabien Potencier",
                    "email": "fabien@symfony.com"
                },
                {
                    "name": "Symfony Community",
                    "homepage": "https://symfony.com/contributors"
                }
            ],
            "description": "Symfony EventDispatcher Component",
            "homepage": "https://symfony.com",
            "time": "2016-03-07 14:04:32"
        },
        {
            "name": "symfony/filesystem",
            "version": "v3.0.4",
            "source": {
                "type": "git",
                "url": "https://github.com/symfony/filesystem.git",
                "reference": "f82499a459dcade2ea56df94cc58b19c8bde3d20"
            },
            "dist": {
                "type": "zip",
                "url": "https://api.github.com/repos/symfony/filesystem/zipball/f82499a459dcade2ea56df94cc58b19c8bde3d20",
                "reference": "f82499a459dcade2ea56df94cc58b19c8bde3d20",
                "shasum": ""
            },
            "require": {
                "php": ">=5.5.9"
            },
            "type": "library",
            "extra": {
                "branch-alias": {
                    "dev-master": "3.0-dev"
                }
            },
            "autoload": {
                "psr-4": {
                    "Symfony\\Component\\Filesystem\\": ""
                },
                "exclude-from-classmap": [
                    "/Tests/"
                ]
            },
            "notification-url": "https://packagist.org/downloads/",
            "license": [
                "MIT"
            ],
            "authors": [
                {
                    "name": "Fabien Potencier",
                    "email": "fabien@symfony.com"
                },
                {
                    "name": "Symfony Community",
                    "homepage": "https://symfony.com/contributors"
                }
            ],
            "description": "Symfony Filesystem Component",
            "homepage": "https://symfony.com",
            "time": "2016-03-27 10:24:39"
        },
        {
            "name": "symfony/finder",
            "version": "v3.0.4",
            "source": {
                "type": "git",
                "url": "https://github.com/symfony/finder.git",
                "reference": "c54e407b35bc098916704e9fd090da21da4c4f52"
            },
            "dist": {
                "type": "zip",
                "url": "https://api.github.com/repos/symfony/finder/zipball/c54e407b35bc098916704e9fd090da21da4c4f52",
                "reference": "c54e407b35bc098916704e9fd090da21da4c4f52",
                "shasum": ""
            },
            "require": {
                "php": ">=5.5.9"
            },
            "type": "library",
            "extra": {
                "branch-alias": {
                    "dev-master": "3.0-dev"
                }
            },
            "autoload": {
                "psr-4": {
                    "Symfony\\Component\\Finder\\": ""
                },
                "exclude-from-classmap": [
                    "/Tests/"
                ]
            },
            "notification-url": "https://packagist.org/downloads/",
            "license": [
                "MIT"
            ],
            "authors": [
                {
                    "name": "Fabien Potencier",
                    "email": "fabien@symfony.com"
                },
                {
                    "name": "Symfony Community",
                    "homepage": "https://symfony.com/contributors"
                }
            ],
            "description": "Symfony Finder Component",
            "homepage": "https://symfony.com",
            "time": "2016-03-10 11:13:05"
        },
        {
            "name": "symfony/polyfill-mbstring",
            "version": "v1.1.1",
            "source": {
                "type": "git",
                "url": "https://github.com/symfony/polyfill-mbstring.git",
                "reference": "1289d16209491b584839022f29257ad859b8532d"
            },
            "dist": {
                "type": "zip",
                "url": "https://api.github.com/repos/symfony/polyfill-mbstring/zipball/1289d16209491b584839022f29257ad859b8532d",
                "reference": "1289d16209491b584839022f29257ad859b8532d",
                "shasum": ""
            },
            "require": {
                "php": ">=5.3.3"
            },
            "suggest": {
                "ext-mbstring": "For best performance"
            },
            "type": "library",
            "extra": {
                "branch-alias": {
                    "dev-master": "1.1-dev"
                }
            },
            "autoload": {
                "psr-4": {
                    "Symfony\\Polyfill\\Mbstring\\": ""
                },
                "files": [
                    "bootstrap.php"
                ]
            },
            "notification-url": "https://packagist.org/downloads/",
            "license": [
                "MIT"
            ],
            "authors": [
                {
                    "name": "Nicolas Grekas",
                    "email": "p@tchwork.com"
                },
                {
                    "name": "Symfony Community",
                    "homepage": "https://symfony.com/contributors"
                }
            ],
            "description": "Symfony polyfill for the Mbstring extension",
            "homepage": "https://symfony.com",
            "keywords": [
                "compatibility",
                "mbstring",
                "polyfill",
                "portable",
                "shim"
            ],
            "time": "2016-01-20 09:13:37"
        },
        {
            "name": "symfony/process",
            "version": "v3.0.4",
            "source": {
                "type": "git",
                "url": "https://github.com/symfony/process.git",
                "reference": "e6f1f98bbd355d209a992bfff45e7edfbd4a0776"
            },
            "dist": {
                "type": "zip",
                "url": "https://api.github.com/repos/symfony/process/zipball/e6f1f98bbd355d209a992bfff45e7edfbd4a0776",
                "reference": "e6f1f98bbd355d209a992bfff45e7edfbd4a0776",
                "shasum": ""
            },
            "require": {
                "php": ">=5.5.9"
            },
            "type": "library",
            "extra": {
                "branch-alias": {
                    "dev-master": "3.0-dev"
                }
            },
            "autoload": {
                "psr-4": {
                    "Symfony\\Component\\Process\\": ""
                },
                "exclude-from-classmap": [
                    "/Tests/"
                ]
            },
            "notification-url": "https://packagist.org/downloads/",
            "license": [
                "MIT"
            ],
            "authors": [
                {
                    "name": "Fabien Potencier",
                    "email": "fabien@symfony.com"
                },
                {
                    "name": "Symfony Community",
                    "homepage": "https://symfony.com/contributors"
                }
            ],
            "description": "Symfony Process Component",
            "homepage": "https://symfony.com",
            "time": "2016-03-30 10:41:14"
        },
        {
            "name": "symfony/yaml",
            "version": "v3.0.4",
            "source": {
                "type": "git",
                "url": "https://github.com/symfony/yaml.git",
                "reference": "0047c8366744a16de7516622c5b7355336afae96"
            },
            "dist": {
                "type": "zip",
                "url": "https://api.github.com/repos/symfony/yaml/zipball/0047c8366744a16de7516622c5b7355336afae96",
                "reference": "0047c8366744a16de7516622c5b7355336afae96",
                "shasum": ""
            },
            "require": {
                "php": ">=5.5.9"
            },
            "type": "library",
            "extra": {
                "branch-alias": {
                    "dev-master": "3.0-dev"
                }
            },
            "autoload": {
                "psr-4": {
                    "Symfony\\Component\\Yaml\\": ""
                },
                "exclude-from-classmap": [
                    "/Tests/"
                ]
            },
            "notification-url": "https://packagist.org/downloads/",
            "license": [
                "MIT"
            ],
            "authors": [
                {
                    "name": "Fabien Potencier",
                    "email": "fabien@symfony.com"
                },
                {
                    "name": "Symfony Community",
                    "homepage": "https://symfony.com/contributors"
                }
            ],
            "description": "Symfony Yaml Component",
            "homepage": "https://symfony.com",
            "time": "2016-03-04 07:55:57"
        }
    ],
    "aliases": [],
    "minimum-stability": "stable",
    "stability-flags": {
        "joomla-projects/robo": 20
    },
    "prefer-stable": false,
    "prefer-lowest": false,
    "platform": [],
    "platform-dev": []
}
